
Microsoft Visual Studio Solution File, Format Version 12.00
# Visual Studio Version 16
VisualStudioVersion = 16.0.32602.291
MinimumVisualStudioVersion = 10.0.40219.1
Project("{FAE04EC0-301F-11D3-BF4B-00C04F79EFBC}") = "BloodBank_application", "BloodBank_application\BloodBank_application.csproj", "{6A89A62B-54B4-4680-B1DB-37A179296C29}"
EndProject
Global
	GlobalSection(SolutionConfigurationPlatforms) = preSolution
		Debug|Any CPU = Debug|Any CPU
		Release|Any CPU = Release|Any CPU
	EndGlobalSection
	GlobalSection(ProjectConfigurationPlatforms) = postSolution
		{6A89A62B-54B4-4680-B1DB-37A179296C29}.Debug|Any CPU.ActiveCfg = Debug|Any CPU
		{6A89A62B-54B4-4680-B1DB-37A179296C29}.Debug|Any CPU.Build.0 = Debug|Any CPU
		{6A89A62B-54B4-4680-B1DB-37A179296C29}.Release|Any CPU.ActiveCfg = Release|Any CPU
		{6A89A62B-54B4-4680-B1DB-37A179296C29}.Release|Any CPU.Build.0 = Release|Any CPU
	EndGlobalSection
	GlobalSection(SolutionProperties) = preSolution
		HideSolutionNode = FALSE
	EndGlobalSection
	GlobalSection(ExtensibilityGlobals) = postSolution
		SolutionGuid = {BF5CD0CF-E93E-494C-A8E1-5BE52FD519E2}
	EndGlobalSection
EndGlobal
